
Microsoft Visual Studio Solution File, Format Version 12.00
# Visual Studio Version 16
VisualStudioVersion = 16.0.33328.57
MinimumVisualStudioVersion = 10.0.40219.1
Project("{FAE04EC0-301F-11D3-BF4B-00C04F79EFBC}") = "ThreadSample", "ThreadSample\ThreadSample.csproj", "{9CAFB96F-4167-435D-A5F6-F6A24F494F2B}"
EndProject
Global
	GlobalSection(SolutionConfigurationPlatforms) = preSolution
		Debug|Any CPU = Debug|Any CPU
		Release|Any CPU = Release|Any CPU
	EndGlobalSection
	GlobalSection(ProjectConfigurationPlatforms) = postSolution
		{9CAFB96F-4167-435D-A5F6-F6A24F494F2B}.Debug|Any CPU.ActiveCfg = Debug|Any CPU
		{9CAFB96F-4167-435D-A5F6-F6A24F494F2B}.Debug|Any CPU.Build.0 = Debug|Any CPU
		{9CAFB96F-4167-435D-A5F6-F6A24F494F2B}.Release|Any CPU.ActiveCfg = Release|Any CPU
		{9CAFB96F-4167-435D-A5F6-F6A24F494F2B}.Release|Any CPU.Build.0 = Release|Any CPU
	EndGlobalSection
	GlobalSection(SolutionProperties) = preSolution
		HideSolutionNode = FALSE
	EndGlobalSection
	GlobalSection(ExtensibilityGlobals) = postSolution
		SolutionGuid = {624C508E-7901-4FA8-B757-98FA2D8DFAF6}
	EndGlobalSection
EndGlobal
